PODS:
  - Nimble (7.0.3)
  - Quick (1.2.0)
  - Realm (3.1.1):
    - Realm/Headers (= 3.1.1)
  - Realm/Headers (3.1.1)
  - RealmAdditions (2.0.0):
    - RealmSwift
  - RealmSwift (3.1.1):
    - Realm (= 3.1.1)

DEPENDENCIES:
  - Nimble
  - Quick
  - RealmAdditions (from `../`)

EXTERNAL SOURCES:
  RealmAdditions:
    :path: ../

SPEC CHECKSUMS:
  Nimble: 7f5a9c447a33002645a071bddafbfb24ea70e0ac
  Quick: 58d203b1c5e27fff7229c4c1ae445ad7069a7a08
  Realm: 42d1c38a5b1bbcc828b48a7ce702cb86fc68adf4
  RealmAdditions: 1cf1cd9148b26663b2cbe0f992725c90312f0afa
  RealmSwift: d31937ca6a6ee54acde64ec839523c0a3c04924b

PODFILE CHECKSUM: 8e0821081480938dbbd7f21c122e043acc4e1cb1

COCOAPODS: 1.4.0
