PODS:
  - Nimble (7.3.1)
  - Quick (1.3.2)
  - Realm (3.13.0):
    - Realm/Headers (= 3.13.0)
  - Realm/Headers (3.13.0)
  - RealmAdditions (3.0.0):
    - RealmSwift
  - RealmSwift (3.13.0):
    - Realm (= 3.13.0)

DEPENDENCIES:
  - Nimble
  - Quick
  - RealmAdditions (from `../`)

SPEC REPOS:
  https://github.com/cocoapods/specs.git:
    - Nimble
    - Quick
    - Realm
    - RealmSwift

EXTERNAL SOURCES:
  RealmAdditions:
    :path: "../"

SPEC CHECKSUMS:
  Nimble: 04f732da099ea4d153122aec8c2a88fd0c7219ae
  Quick: 2623cb30d7a7f41ca62f684f679586558f483d46
  Realm: 5edd2ee65406aef591a4f9895de5a3440e51b3d8
  RealmAdditions: 028e14da4b57a2db39f5494924d1b1d7faefcd39
  RealmSwift: be5ebc7930e37cd3376b41cec7f21984528aaa16

PODFILE CHECKSUM: 3094b16f7c9e1524c9463597409cce7053e4e275

COCOAPODS: 1.5.3
