PODS:
  - Nimble (7.0.1)
  - Quick (1.1.0)
  - Realm (2.10.1):
    - Realm/Headers (= 2.10.1)
  - Realm/Headers (2.10.1)
  - RealmAdditions (2.0.1):
    - RealmSwift
  - RealmSwift (2.10.1):
    - Realm (= 2.10.1)

DEPENDENCIES:
  - Nimble
  - Quick
  - RealmAdditions (from `../`)

EXTERNAL SOURCES:
  RealmAdditions:
    :path: ../

SPEC CHECKSUMS:
  Nimble: 657d000e11df8aebe27cdaf9d244de7f30ed87f7
  Quick: dafc587e21eed9f4cab3249b9f9015b0b7a7f71d
  Realm: fc7a317a5c2c9ba91f5f235ede4e2ea76e9eba0c
  RealmAdditions: 19021fe04b84e6469c781e13b2667dcfdb51a487
  RealmSwift: 505ed6c15942a2e76f5cfa78a8667cfa997ee75b

PODFILE CHECKSUM: 8e0821081480938dbbd7f21c122e043acc4e1cb1

COCOAPODS: 1.3.1
